
Microsoft Visual Studio Solution File, Format Version 12.00
# Visual Studio Express 2012 for Web
Project("{FAE04EC0-301F-11D3-BF4B-00C04F79EFBC}") = "WebApplication1", "WebApplication1\WebApplication1.csproj", "{AF9B27F7-5F41-4654-B676-B1DEDAE1A9EB}"
EndProject
Global
	GlobalSection(SolutionConfigurationPlatforms) = preSolution
		Debug|Any CPU = Debug|Any CPU
		Release|Any CPU = Release|Any CPU
	EndGlobalSection
	GlobalSection(ProjectConfigurationPlatforms) = postSolution
		{AF9B27F7-5F41-4654-B676-B1DEDAE1A9EB}.Debug|Any CPU.ActiveCfg = Debug|Any CPU
		{AF9B27F7-5F41-4654-B676-B1DEDAE1A9EB}.Debug|Any CPU.Build.0 = Debug|Any CPU
		{AF9B27F7-5F41-4654-B676-B1DEDAE1A9EB}.Release|Any CPU.ActiveCfg = Release|Any CPU
		{AF9B27F7-5F41-4654-B676-B1DEDAE1A9EB}.Release|Any CPU.Build.0 = Release|Any CPU
	EndGlobalSection
	GlobalSection(SolutionProperties) = preSolution
		HideSolutionNode = FALSE
	EndGlobalSection
EndGlobal
